
Microsoft Visual Studio Solution File, Format Version 12.00
# Visual Studio Version 17
VisualStudioVersion = 17.9.34622.214
MinimumVisualStudioVersion = 10.0.40219.1
Project("{FAE04EC0-301F-11D3-BF4B-00C04F79EFBC}") = "FunctionCalculationTest", "FunctionCalculationTest\FunctionCalculationTest.csproj", "{C39D2C8D-FD3A-4403-BE24-2FEFDB983581}"
EndProject
Project("{FAE04EC0-301F-11D3-BF4B-00C04F79EFBC}") = "FunctionCalculationLibrary", "FunctionCalculationLibrary\FunctionCalculationLibrary.csproj", "{8F3BD2D9-38FE-4DFF-89D0-853AB497EEFE}"
EndProject
Project("{FAE04EC0-301F-11D3-BF4B-00C04F79EFBC}") = "FunctionCalculationUnitTests", "FunctionCalculationUnitTests\FunctionCalculationUnitTests.csproj", "{30C7AB25-B4EF-4290-857F-A0D2E0AC7A92}"
EndProject
Global
	GlobalSection(SolutionConfigurationPlatforms) = preSolution
		Debug|Any CPU = Debug|Any CPU
		Release|Any CPU = Release|Any CPU
	EndGlobalSection
	GlobalSection(ProjectConfigurationPlatforms) = postSolution
		{C39D2C8D-FD3A-4403-BE24-2FEFDB983581}.Debug|Any CPU.ActiveCfg = Debug|Any CPU
		{C39D2C8D-FD3A-4403-BE24-2FEFDB983581}.Debug|Any CPU.Build.0 = Debug|Any CPU
		{C39D2C8D-FD3A-4403-BE24-2FEFDB983581}.Release|Any CPU.ActiveCfg = Release|Any CPU
		{C39D2C8D-FD3A-4403-BE24-2FEFDB983581}.Release|Any CPU.Build.0 = Release|Any CPU
		{8F3BD2D9-38FE-4DFF-89D0-853AB497EEFE}.Debug|Any CPU.ActiveCfg = Debug|Any CPU
		{8F3BD2D9-38FE-4DFF-89D0-853AB497EEFE}.Debug|Any CPU.Build.0 = Debug|Any CPU
		{8F3BD2D9-38FE-4DFF-89D0-853AB497EEFE}.Release|Any CPU.ActiveCfg = Release|Any CPU
		{8F3BD2D9-38FE-4DFF-89D0-853AB497EEFE}.Release|Any CPU.Build.0 = Release|Any CPU
		{30C7AB25-B4EF-4290-857F-A0D2E0AC7A92}.Debug|Any CPU.ActiveCfg = Debug|Any CPU
		{30C7AB25-B4EF-4290-857F-A0D2E0AC7A92}.Debug|Any CPU.Build.0 = Debug|Any CPU
		{30C7AB25-B4EF-4290-857F-A0D2E0AC7A92}.Release|Any CPU.ActiveCfg = Release|Any CPU
		{30C7AB25-B4EF-4290-857F-A0D2E0AC7A92}.Release|Any CPU.Build.0 = Release|Any CPU
	EndGlobalSection
	GlobalSection(SolutionProperties) = preSolution
		HideSolutionNode = FALSE
	EndGlobalSection
	GlobalSection(ExtensibilityGlobals) = postSolution
		SolutionGuid = {FB82A685-D4C7-4DAB-B992-A21F232C4437}
	EndGlobalSection
EndGlobal
